
Microsoft Visual Studio Solution File, Format Version 12.00
# Visual Studio 15
VisualStudioVersion = 15.0.27428.2037
MinimumVisualStudioVersion = 10.0.40219.1
Project("{FAE04EC0-301F-11D3-BF4B-00C04F79EFBC}") = "BinarySearchTree", "BinarySearchTree\BinarySearchTree.csproj", "{C505A632-64ED-4D01-A7F9-74705804323B}"
EndProject
Project("{FAE04EC0-301F-11D3-BF4B-00C04F79EFBC}") = "BinarySearchTreeTests", "BinarySearchTreeTests\BinarySearchTreeTests.csproj", "{B53104DE-3C43-4B2D-9A0C-3836117E671C}"
EndProject
Global
	GlobalSection(SolutionConfigurationPlatforms) = preSolution
		Debug|Any CPU = Debug|Any CPU
		Debug|x64 = Debug|x64
		Moje|Any CPU = Moje|Any CPU
		Moje|x64 = Moje|x64
		Release|Any CPU = Release|Any CPU
		Release|x64 = Release|x64
		Skola|Any CPU = Skola|Any CPU
		Skola|x64 = Skola|x64
	EndGlobalSection
	GlobalSection(ProjectConfigurationPlatforms) = postSolution
		{C505A632-64ED-4D01-A7F9-74705804323B}.Debug|Any CPU.ActiveCfg = Debug|Any CPU
		{C505A632-64ED-4D01-A7F9-74705804323B}.Debug|Any CPU.Build.0 = Debug|Any CPU
		{C505A632-64ED-4D01-A7F9-74705804323B}.Debug|x64.ActiveCfg = Debug|x64
		{C505A632-64ED-4D01-A7F9-74705804323B}.Debug|x64.Build.0 = Debug|x64
		{C505A632-64ED-4D01-A7F9-74705804323B}.Moje|Any CPU.ActiveCfg = Moje|Any CPU
		{C505A632-64ED-4D01-A7F9-74705804323B}.Moje|Any CPU.Build.0 = Moje|Any CPU
		{C505A632-64ED-4D01-A7F9-74705804323B}.Moje|x64.ActiveCfg = Moje|x64
		{C505A632-64ED-4D01-A7F9-74705804323B}.Moje|x64.Build.0 = Moje|x64
		{C505A632-64ED-4D01-A7F9-74705804323B}.Release|Any CPU.ActiveCfg = Release|Any CPU
		{C505A632-64ED-4D01-A7F9-74705804323B}.Release|Any CPU.Build.0 = Release|Any CPU
		{C505A632-64ED-4D01-A7F9-74705804323B}.Release|x64.ActiveCfg = Release|x64
		{C505A632-64ED-4D01-A7F9-74705804323B}.Release|x64.Build.0 = Release|x64
		{C505A632-64ED-4D01-A7F9-74705804323B}.Skola|Any CPU.ActiveCfg = Skola|Any CPU
		{C505A632-64ED-4D01-A7F9-74705804323B}.Skola|Any CPU.Build.0 = Skola|Any CPU
		{C505A632-64ED-4D01-A7F9-74705804323B}.Skola|x64.ActiveCfg = Skola|x64
		{C505A632-64ED-4D01-A7F9-74705804323B}.Skola|x64.Build.0 = Skola|x64
		{B53104DE-3C43-4B2D-9A0C-3836117E671C}.Debug|Any CPU.ActiveCfg = Debug|Any CPU
		{B53104DE-3C43-4B2D-9A0C-3836117E671C}.Debug|Any CPU.Build.0 = Debug|Any CPU
		{B53104DE-3C43-4B2D-9A0C-3836117E671C}.Debug|x64.ActiveCfg = Debug|Any CPU
		{B53104DE-3C43-4B2D-9A0C-3836117E671C}.Moje|Any CPU.ActiveCfg = Release|Any CPU
		{B53104DE-3C43-4B2D-9A0C-3836117E671C}.Moje|x64.ActiveCfg = Release|Any CPU
		{B53104DE-3C43-4B2D-9A0C-3836117E671C}.Release|Any CPU.ActiveCfg = Release|Any CPU
		{B53104DE-3C43-4B2D-9A0C-3836117E671C}.Release|Any CPU.Build.0 = Release|Any CPU
		{B53104DE-3C43-4B2D-9A0C-3836117E671C}.Release|x64.ActiveCfg = Release|Any CPU
		{B53104DE-3C43-4B2D-9A0C-3836117E671C}.Skola|Any CPU.ActiveCfg = Release|Any CPU
		{B53104DE-3C43-4B2D-9A0C-3836117E671C}.Skola|x64.ActiveCfg = Release|Any CPU
	EndGlobalSection
	GlobalSection(SolutionProperties) = preSolution
		HideSolutionNode = FALSE
	EndGlobalSection
	GlobalSection(ExtensibilityGlobals) = postSolution
		SolutionGuid = {7F36CF92-1412-4A14-A502-11EF8C0CBBBB}
	EndGlobalSection
EndGlobal
